
Microsoft Visual Studio Solution File, Format Version 12.00
# Visual Studio 2012
Project("{2150E333-8FDC-42A3-9474-1A3956D46DE8}") = "Chapter02", "Chapter02", "{E96BE73D-2341-4CDA-8073-BD279332822F}"
EndProject
Project("{2150E333-8FDC-42A3-9474-1A3956D46DE8}") = "Chapter03", "Chapter03", "{D8D4F07B-AA72-411E-9B97-B529C00E73AF}"
EndProject
Project("{8BC9CEB8-8B4A-11D0-8D11-00A0C91BC942}") = "ch2-01-Window", "src\Chapter02\ch2-01-Window\ch2-01-Window.vcxproj", "{58BA1A5E-F865-4248-9B15-7DB221375158}"
EndProject
Project("{8BC9CEB8-8B4A-11D0-8D11-00A0C91BC942}") = "ch2-02-Point", "src\Chapter02\ch2-02-Point\ch2-02-Point.vcxproj", "{CE5B1DBA-A39B-43E4-8B61-5B70E23E9760}"
EndProject
Project("{8BC9CEB8-8B4A-11D0-8D11-00A0C91BC942}") = "ch2-03-Triangle", "src\Chapter02\ch2-03-Triangle\ch2-03-Triangle.vcxproj", "{542BF811-1E28-4149-92A3-5207294CC9B0}"
EndProject
Project("{8BC9CEB8-8B4A-11D0-8D11-00A0C91BC942}") = "ch3-01-Vertex-Attributes", "src\Chapter03\ch3-01-Vertex-Attributes\ch3-01-Vertex-Attributes.vcxproj", "{267C7349-7E4C-4D0E-8312-E66813D2B6ED}"
EndProject
Project("{8BC9CEB8-8B4A-11D0-8D11-00A0C91BC942}") = "ch3-03-Tessellation-Shader", "src\Chapter03\ch3-03-Tessellation-Shader\ch3-03-Tessellation-Shader.vcxproj", "{ACF67948-D243-4EC7-A313-4A76EB4F4C15}"
EndProject
Project("{8BC9CEB8-8B4A-11D0-8D11-00A0C91BC942}") = "ch3-02-Interface-Block", "src\Chapter03\ch3-02-Interface-Block\ch3-02-Interface-Block.vcxproj", "{2DF40AFE-6CAA-4365-ADD2-456DB5096970}"
EndProject
Project("{8BC9CEB8-8B4A-11D0-8D11-00A0C91BC942}") = "ch3-04-Geometry-Shader", "src\Chapter03\ch3-04-Geometry-Shader\ch3-04-Geometry-Shader.vcxproj", "{08E2FEF6-48E0-4A61-A685-238AF31189C3}"
EndProject
Project("{8BC9CEB8-8B4A-11D0-8D11-00A0C91BC942}") = "ch3-05-Fragment-Shader", "src\Chapter03\ch3-05-Fragment-Shader\ch3-05-Fragment-Shader.vcxproj", "{475B65BB-65C4-4B52-80B8-D49257DA14B8}"
EndProject
Project("{8BC9CEB8-8B4A-11D0-8D11-00A0C91BC942}") = "ch3-06-Color-Smooth", "src\Chapter03\ch3-06-Color-Smooth\ch3-06-Color-Smooth.vcxproj", "{3A58B2C8-B357-41BE-B95C-9C560D34B7C9}"
EndProject
Project("{2150E333-8FDC-42A3-9474-1A3956D46DE8}") = "Chapter04", "Chapter04", "{724E69C1-16D5-4266-864A-3E62F0C28430}"
EndProject
Project("{2150E333-8FDC-42A3-9474-1A3956D46DE8}") = "Chapter05", "Chapter05", "{A9895343-1F34-459E-801A-21732246E4FD}"
EndProject
Project("{2150E333-8FDC-42A3-9474-1A3956D46DE8}") = "Chapter06", "Chapter06", "{C0E8B12D-BA99-433A-9790-9414FDFA23AE}"
EndProject
Project("{2150E333-8FDC-42A3-9474-1A3956D46DE8}") = "Chapter07", "Chapter07", "{501DF51A-7272-4A02-B8D8-7786379D4FE1}"
EndProject
Project("{2150E333-8FDC-42A3-9474-1A3956D46DE8}") = "Chapter08", "Chapter08", "{ECC04F58-D825-448C-AC78-0DC2E4B55C1F}"
EndProject
Project("{2150E333-8FDC-42A3-9474-1A3956D46DE8}") = "Chapter09", "Chapter09", "{269C1336-D470-497A-AA80-6C842E9F4B27}"
EndProject
Project("{2150E333-8FDC-42A3-9474-1A3956D46DE8}") = "Chapter10", "Chapter10", "{3BB2EA49-1C18-4033-87FD-973C34B93D09}"
EndProject
Project("{2150E333-8FDC-42A3-9474-1A3956D46DE8}") = "Chapter11", "Chapter11", "{8CDFBE6B-F1A7-49C1-8F26-8F2626E2D198}"
EndProject
Project("{2150E333-8FDC-42A3-9474-1A3956D46DE8}") = "Chapter12", "Chapter12", "{1655D4EF-315C-4A5A-8527-C3FB8E391BDA}"
EndProject
Project("{2150E333-8FDC-42A3-9474-1A3956D46DE8}") = "Chapter01", "Chapter01", "{98B726CB-4D07-4824-A52E-D3FE28A186BE}"
EndProject
Project("{8BC9CEB8-8B4A-11D0-8D11-00A0C91BC942}") = "ch5-01-MapBuffer", "src\Chapter05\ch5-01-MapBuffer\ch5-01-MapBuffer.vcxproj", "{F97538FF-BC50-42E7-9712-3D9ED03B5182}"
EndProject
Project("{8BC9CEB8-8B4A-11D0-8D11-00A0C91BC942}") = "ch5-02-BufferSubData", "src\Chapter05\ch5-02-BufferSubData\ch5-02-BufferSubData.vcxproj", "{146B7F55-2081-415E-937D-CEBFE3B9C1E2}"
EndProject
Project("{8BC9CEB8-8B4A-11D0-8D11-00A0C91BC942}") = "ch5-03-Cube", "src\Chapter05\ch5-03-Cube\ch5-03-Cube.vcxproj", "{1B686CCC-A91C-42FD-8956-FBB8C0A0A7E2}"
EndProject
Project("{8BC9CEB8-8B4A-11D0-8D11-00A0C91BC942}") = "ch5-04-Many-Cube", "src\Chapter05\ch5-04-Many-Cube\ch5-04-Many-Cube.vcxproj", "{8EA67B85-328E-4D9E-A53A-71D40648CFC0}"
EndProject
Project("{8BC9CEB8-8B4A-11D0-8D11-00A0C91BC942}") = "ch5-05-Texture-Data", "src\Chapter05\ch5-05-Texture-Data\ch5-05-Texture-Data.vcxproj", "{078CF9B0-F61E-4216-A5E9-84812684130F}"
EndProject
Project("{8BC9CEB8-8B4A-11D0-8D11-00A0C91BC942}") = "ch5-06-Texture-Image", "src\Chapter05\ch5-06-Texture-Image\ch5-06-Texture-Image.vcxproj", "{538C53CF-09F9-4FCE-8238-AF209E0A6BD4}"
EndProject
Project("{8BC9CEB8-8B4A-11D0-8D11-00A0C91BC942}") = "ch5-07-Texture-Mipmap", "src\Chapter05\ch5-07-Texture-Mipmap\ch5-07-Texture-Mipmap.vcxproj", "{A359A7F5-8853-46AE-AE5E-90D8EB5EEF6C}"
EndProject
Project("{8BC9CEB8-8B4A-11D0-8D11-00A0C91BC942}") = "ch5-08-Texture-Wrap", "src\Chapter05\ch5-08-Texture-Wrap\ch5-08-Texture-Wrap.vcxproj", "{A1F50D9B-4DAD-45D7-91BD-EF76F7F1D2F4}"
EndProject
Project("{8BC9CEB8-8B4A-11D0-8D11-00A0C91BC942}") = "ch5-09-Texture-Array", "src\Chapter05\ch5-09-Texture-Array\ch5-09-Texture-Array.vcxproj", "{66004DE2-D667-4541-B693-68E23B9B5750}"
EndProject
Project("{8BC9CEB8-8B4A-11D0-8D11-00A0C91BC942}") = "ch5-10-Texture-Atomic", "src\Chapter05\ch5-10-Texture-Atomic\ch5-10-Texture-Atomic.vcxproj", "{C32CC8BA-1BED-407E-BD82-D8CA1B8BBB77}"
EndProject
Project("{8BC9CEB8-8B4A-11D0-8D11-00A0C91BC942}") = "ch6-01-Shader-SubRoutines", "src\Chapter06\ch6-01-Shader-SubRoutines\ch6-01-Shader-SubRoutines.vcxproj", "{5BA11FEB-3BCC-4A74-AADB-61FDA0FFEEF5}"
EndProject
Project("{8BC9CEB8-8B4A-11D0-8D11-00A0C91BC942}") = "ch7-01-Draw-Index", "src\Chapter07\ch7-01-Draw-Index\ch7-01-Draw-Index.vcxproj", "{8E61E121-AEE1-4719-BC8E-93437A549ADB}"
EndProject
Project("{8BC9CEB8-8B4A-11D0-8D11-00A0C91BC942}") = "ch7-02-Instance-Grass", "src\Chapter07\ch7-02-Instance-Grass\ch7-02-Instance-Grass.vcxproj", "{9D0BF27F-C9F9-4D2B-854E-898E904F17FE}"
EndProject
Project("{8BC9CEB8-8B4A-11D0-8D11-00A0C91BC942}") = "ch7-03-Instance-Quad", "src\Chapter07\ch7-03-Instance-Quad\ch7-03-Instance-Quad.vcxproj", "{1BE53D23-4E85-48B4-8AAC-1AC2B1320898}"
EndProject
Project("{8BC9CEB8-8B4A-11D0-8D11-00A0C91BC942}") = "ch7-04-Draw-Indirect", "src\Chapter07\ch7-04-Draw-Indirect\ch7-04-Draw-Indirect.vcxproj", "{3725CE7A-516C-4F2F-907B-8FA46C0185ED}"
EndProject
Project("{8BC9CEB8-8B4A-11D0-8D11-00A0C91BC942}") = "ch7-05-Transform-Feedback", "src\Chapter07\ch7-05-Transform-Feedback\ch7-05-Transform-Feedback.vcxproj", "{05302097-03CF-4705-9B30-0C3402D9A0EA}"
EndProject
Project("{8BC9CEB8-8B4A-11D0-8D11-00A0C91BC942}") = "ch7-06-Clip-Distance", "src\Chapter07\ch7-06-Clip-Distance\ch7-06-Clip-Distance.vcxproj", "{64678FBE-BCC8-4096-9DB7-296B25FB96D3}"
EndProject
Project("{8BC9CEB8-8B4A-11D0-8D11-00A0C91BC942}") = "ch6-02-Shader-Info", "src\Chapter06\ch6-02-Shader-Info\ch6-02-Shader-Info.vcxproj", "{5342E3E5-07B4-4B8E-824B-023E9EA2FD91}"
EndProject
Project("{8BC9CEB8-8B4A-11D0-8D11-00A0C91BC942}") = "ch9-01-Perspective-Correction", "src\Chapter09\ch9-01-Perspective-Correction\ch9-01-Perspective-Correction.vcxproj", "{5C6ADA61-AA8A-4E03-AF11-2CE046B58056}"
EndProject
Global
	GlobalSection(SolutionConfigurationPlatforms) = preSolution
		Debug|Win32 = Debug|Win32
		Release|Win32 = Release|Win32
	EndGlobalSection
	GlobalSection(ProjectConfigurationPlatforms) = postSolution
		{58BA1A5E-F865-4248-9B15-7DB221375158}.Debug|Win32.ActiveCfg = Debug|Win32
		{58BA1A5E-F865-4248-9B15-7DB221375158}.Debug|Win32.Build.0 = Debug|Win32
		{58BA1A5E-F865-4248-9B15-7DB221375158}.Release|Win32.ActiveCfg = Release|Win32
		{58BA1A5E-F865-4248-9B15-7DB221375158}.Release|Win32.Build.0 = Release|Win32
		{CE5B1DBA-A39B-43E4-8B61-5B70E23E9760}.Debug|Win32.ActiveCfg = Debug|Win32
		{CE5B1DBA-A39B-43E4-8B61-5B70E23E9760}.Debug|Win32.Build.0 = Debug|Win32
		{CE5B1DBA-A39B-43E4-8B61-5B70E23E9760}.Debug|Win32.Deploy.0 = Debug|Win32
		{CE5B1DBA-A39B-43E4-8B61-5B70E23E9760}.Release|Win32.ActiveCfg = Release|Win32
		{CE5B1DBA-A39B-43E4-8B61-5B70E23E9760}.Release|Win32.Build.0 = Release|Win32
		{542BF811-1E28-4149-92A3-5207294CC9B0}.Debug|Win32.ActiveCfg = Debug|Win32
		{542BF811-1E28-4149-92A3-5207294CC9B0}.Debug|Win32.Build.0 = Debug|Win32
		{542BF811-1E28-4149-92A3-5207294CC9B0}.Debug|Win32.Deploy.0 = Debug|Win32
		{542BF811-1E28-4149-92A3-5207294CC9B0}.Release|Win32.ActiveCfg = Release|Win32
		{542BF811-1E28-4149-92A3-5207294CC9B0}.Release|Win32.Build.0 = Release|Win32
		{267C7349-7E4C-4D0E-8312-E66813D2B6ED}.Debug|Win32.ActiveCfg = Debug|Win32
		{267C7349-7E4C-4D0E-8312-E66813D2B6ED}.Debug|Win32.Build.0 = Debug|Win32
		{267C7349-7E4C-4D0E-8312-E66813D2B6ED}.Release|Win32.ActiveCfg = Release|Win32
		{267C7349-7E4C-4D0E-8312-E66813D2B6ED}.Release|Win32.Build.0 = Release|Win32
		{ACF67948-D243-4EC7-A313-4A76EB4F4C15}.Debug|Win32.ActiveCfg = Debug|Win32
		{ACF67948-D243-4EC7-A313-4A76EB4F4C15}.Debug|Win32.Build.0 = Debug|Win32
		{ACF67948-D243-4EC7-A313-4A76EB4F4C15}.Release|Win32.ActiveCfg = Release|Win32
		{ACF67948-D243-4EC7-A313-4A76EB4F4C15}.Release|Win32.Build.0 = Release|Win32
		{2DF40AFE-6CAA-4365-ADD2-456DB5096970}.Debug|Win32.ActiveCfg = Debug|Win32
		{2DF40AFE-6CAA-4365-ADD2-456DB5096970}.Debug|Win32.Build.0 = Debug|Win32
		{2DF40AFE-6CAA-4365-ADD2-456DB5096970}.Release|Win32.ActiveCfg = Release|Win32
		{2DF40AFE-6CAA-4365-ADD2-456DB5096970}.Release|Win32.Build.0 = Release|Win32
		{08E2FEF6-48E0-4A61-A685-238AF31189C3}.Debug|Win32.ActiveCfg = Debug|Win32
		{08E2FEF6-48E0-4A61-A685-238AF31189C3}.Debug|Win32.Build.0 = Debug|Win32
		{08E2FEF6-48E0-4A61-A685-238AF31189C3}.Release|Win32.ActiveCfg = Release|Win32
		{08E2FEF6-48E0-4A61-A685-238AF31189C3}.Release|Win32.Build.0 = Release|Win32
		{475B65BB-65C4-4B52-80B8-D49257DA14B8}.Debug|Win32.ActiveCfg = Debug|Win32
		{475B65BB-65C4-4B52-80B8-D49257DA14B8}.Debug|Win32.Build.0 = Debug|Win32
		{475B65BB-65C4-4B52-80B8-D49257DA14B8}.Release|Win32.ActiveCfg = Release|Win32
		{475B65BB-65C4-4B52-80B8-D49257DA14B8}.Release|Win32.Build.0 = Release|Win32
		{3A58B2C8-B357-41BE-B95C-9C560D34B7C9}.Debug|Win32.ActiveCfg = Debug|Win32
		{3A58B2C8-B357-41BE-B95C-9C560D34B7C9}.Debug|Win32.Build.0 = Debug|Win32
		{3A58B2C8-B357-41BE-B95C-9C560D34B7C9}.Release|Win32.ActiveCfg = Release|Win32
		{3A58B2C8-B357-41BE-B95C-9C560D34B7C9}.Release|Win32.Build.0 = Release|Win32
		{F97538FF-BC50-42E7-9712-3D9ED03B5182}.Debug|Win32.ActiveCfg = Debug|Win32
		{F97538FF-BC50-42E7-9712-3D9ED03B5182}.Debug|Win32.Build.0 = Debug|Win32
		{F97538FF-BC50-42E7-9712-3D9ED03B5182}.Release|Win32.ActiveCfg = Release|Win32
		{F97538FF-BC50-42E7-9712-3D9ED03B5182}.Release|Win32.Build.0 = Release|Win32
		{146B7F55-2081-415E-937D-CEBFE3B9C1E2}.Debug|Win32.ActiveCfg = Debug|Win32
		{146B7F55-2081-415E-937D-CEBFE3B9C1E2}.Debug|Win32.Build.0 = Debug|Win32
		{146B7F55-2081-415E-937D-CEBFE3B9C1E2}.Release|Win32.ActiveCfg = Release|Win32
		{146B7F55-2081-415E-937D-CEBFE3B9C1E2}.Release|Win32.Build.0 = Release|Win32
		{1B686CCC-A91C-42FD-8956-FBB8C0A0A7E2}.Debug|Win32.ActiveCfg = Debug|Win32
		{1B686CCC-A91C-42FD-8956-FBB8C0A0A7E2}.Debug|Win32.Build.0 = Debug|Win32
		{1B686CCC-A91C-42FD-8956-FBB8C0A0A7E2}.Release|Win32.ActiveCfg = Release|Win32
		{1B686CCC-A91C-42FD-8956-FBB8C0A0A7E2}.Release|Win32.Build.0 = Release|Win32
		{8EA67B85-328E-4D9E-A53A-71D40648CFC0}.Debug|Win32.ActiveCfg = Debug|Win32
		{8EA67B85-328E-4D9E-A53A-71D40648CFC0}.Debug|Win32.Build.0 = Debug|Win32
		{8EA67B85-328E-4D9E-A53A-71D40648CFC0}.Release|Win32.ActiveCfg = Release|Win32
		{8EA67B85-328E-4D9E-A53A-71D40648CFC0}.Release|Win32.Build.0 = Release|Win32
		{078CF9B0-F61E-4216-A5E9-84812684130F}.Debug|Win32.ActiveCfg = Debug|Win32
		{078CF9B0-F61E-4216-A5E9-84812684130F}.Debug|Win32.Build.0 = Debug|Win32
		{078CF9B0-F61E-4216-A5E9-84812684130F}.Release|Win32.ActiveCfg = Release|Win32
		{078CF9B0-F61E-4216-A5E9-84812684130F}.Release|Win32.Build.0 = Release|Win32
		{538C53CF-09F9-4FCE-8238-AF209E0A6BD4}.Debug|Win32.ActiveCfg = Debug|Win32
		{538C53CF-09F9-4FCE-8238-AF209E0A6BD4}.Debug|Win32.Build.0 = Debug|Win32
		{538C53CF-09F9-4FCE-8238-AF209E0A6BD4}.Release|Win32.ActiveCfg = Release|Win32
		{538C53CF-09F9-4FCE-8238-AF209E0A6BD4}.Release|Win32.Build.0 = Release|Win32
		{A359A7F5-8853-46AE-AE5E-90D8EB5EEF6C}.Debug|Win32.ActiveCfg = Debug|Win32
		{A359A7F5-8853-46AE-AE5E-90D8EB5EEF6C}.Debug|Win32.Build.0 = Debug|Win32
		{A359A7F5-8853-46AE-AE5E-90D8EB5EEF6C}.Release|Win32.ActiveCfg = Release|Win32
		{A359A7F5-8853-46AE-AE5E-90D8EB5EEF6C}.Release|Win32.Build.0 = Release|Win32
		{A1F50D9B-4DAD-45D7-91BD-EF76F7F1D2F4}.Debug|Win32.ActiveCfg = Debug|Win32
		{A1F50D9B-4DAD-45D7-91BD-EF76F7F1D2F4}.Debug|Win32.Build.0 = Debug|Win32
		{A1F50D9B-4DAD-45D7-91BD-EF76F7F1D2F4}.Release|Win32.ActiveCfg = Release|Win32
		{A1F50D9B-4DAD-45D7-91BD-EF76F7F1D2F4}.Release|Win32.Build.0 = Release|Win32
		{66004DE2-D667-4541-B693-68E23B9B5750}.Debug|Win32.ActiveCfg = Debug|Win32
		{66004DE2-D667-4541-B693-68E23B9B5750}.Debug|Win32.Build.0 = Debug|Win32
		{66004DE2-D667-4541-B693-68E23B9B5750}.Release|Win32.ActiveCfg = Release|Win32
		{66004DE2-D667-4541-B693-68E23B9B5750}.Release|Win32.Build.0 = Release|Win32
		{C32CC8BA-1BED-407E-BD82-D8CA1B8BBB77}.Debug|Win32.ActiveCfg = Debug|Win32
		{C32CC8BA-1BED-407E-BD82-D8CA1B8BBB77}.Debug|Win32.Build.0 = Debug|Win32
		{C32CC8BA-1BED-407E-BD82-D8CA1B8BBB77}.Release|Win32.ActiveCfg = Release|Win32
		{C32CC8BA-1BED-407E-BD82-D8CA1B8BBB77}.Release|Win32.Build.0 = Release|Win32
		{5BA11FEB-3BCC-4A74-AADB-61FDA0FFEEF5}.Debug|Win32.ActiveCfg = Debug|Win32
		{5BA11FEB-3BCC-4A74-AADB-61FDA0FFEEF5}.Debug|Win32.Build.0 = Debug|Win32
		{5BA11FEB-3BCC-4A74-AADB-61FDA0FFEEF5}.Release|Win32.ActiveCfg = Release|Win32
		{5BA11FEB-3BCC-4A74-AADB-61FDA0FFEEF5}.Release|Win32.Build.0 = Release|Win32
		{8E61E121-AEE1-4719-BC8E-93437A549ADB}.Debug|Win32.ActiveCfg = Debug|Win32
		{8E61E121-AEE1-4719-BC8E-93437A549ADB}.Debug|Win32.Build.0 = Debug|Win32
		{8E61E121-AEE1-4719-BC8E-93437A549ADB}.Release|Win32.ActiveCfg = Release|Win32
		{8E61E121-AEE1-4719-BC8E-93437A549ADB}.Release|Win32.Build.0 = Release|Win32
		{9D0BF27F-C9F9-4D2B-854E-898E904F17FE}.Debug|Win32.ActiveCfg = Debug|Win32
		{9D0BF27F-C9F9-4D2B-854E-898E904F17FE}.Debug|Win32.Build.0 = Debug|Win32
		{9D0BF27F-C9F9-4D2B-854E-898E904F17FE}.Release|Win32.ActiveCfg = Release|Win32
		{9D0BF27F-C9F9-4D2B-854E-898E904F17FE}.Release|Win32.Build.0 = Release|Win32
		{1BE53D23-4E85-48B4-8AAC-1AC2B1320898}.Debug|Win32.ActiveCfg = Debug|Win32
		{1BE53D23-4E85-48B4-8AAC-1AC2B1320898}.Debug|Win32.Build.0 = Debug|Win32
		{1BE53D23-4E85-48B4-8AAC-1AC2B1320898}.Release|Win32.ActiveCfg = Release|Win32
		{1BE53D23-4E85-48B4-8AAC-1AC2B1320898}.Release|Win32.Build.0 = Release|Win32
		{3725CE7A-516C-4F2F-907B-8FA46C0185ED}.Debug|Win32.ActiveCfg = Debug|Win32
		{3725CE7A-516C-4F2F-907B-8FA46C0185ED}.Debug|Win32.Build.0 = Debug|Win32
		{3725CE7A-516C-4F2F-907B-8FA46C0185ED}.Release|Win32.ActiveCfg = Release|Win32
		{3725CE7A-516C-4F2F-907B-8FA46C0185ED}.Release|Win32.Build.0 = Release|Win32
		{05302097-03CF-4705-9B30-0C3402D9A0EA}.Debug|Win32.ActiveCfg = Debug|Win32
		{05302097-03CF-4705-9B30-0C3402D9A0EA}.Debug|Win32.Build.0 = Debug|Win32
		{05302097-03CF-4705-9B30-0C3402D9A0EA}.Release|Win32.ActiveCfg = Release|Win32
		{05302097-03CF-4705-9B30-0C3402D9A0EA}.Release|Win32.Build.0 = Release|Win32
		{64678FBE-BCC8-4096-9DB7-296B25FB96D3}.Debug|Win32.ActiveCfg = Debug|Win32
		{64678FBE-BCC8-4096-9DB7-296B25FB96D3}.Debug|Win32.Build.0 = Debug|Win32
		{64678FBE-BCC8-4096-9DB7-296B25FB96D3}.Release|Win32.ActiveCfg = Release|Win32
		{64678FBE-BCC8-4096-9DB7-296B25FB96D3}.Release|Win32.Build.0 = Release|Win32
		{5342E3E5-07B4-4B8E-824B-023E9EA2FD91}.Debug|Win32.ActiveCfg = Debug|Win32
		{5342E3E5-07B4-4B8E-824B-023E9EA2FD91}.Debug|Win32.Build.0 = Debug|Win32
		{5342E3E5-07B4-4B8E-824B-023E9EA2FD91}.Release|Win32.ActiveCfg = Release|Win32
		{5342E3E5-07B4-4B8E-824B-023E9EA2FD91}.Release|Win32.Build.0 = Release|Win32
		{5C6ADA61-AA8A-4E03-AF11-2CE046B58056}.Debug|Win32.ActiveCfg = Debug|Win32
		{5C6ADA61-AA8A-4E03-AF11-2CE046B58056}.Debug|Win32.Build.0 = Debug|Win32
		{5C6ADA61-AA8A-4E03-AF11-2CE046B58056}.Release|Win32.ActiveCfg = Release|Win32
		{5C6ADA61-AA8A-4E03-AF11-2CE046B58056}.Release|Win32.Build.0 = Release|Win32
	EndGlobalSection
	GlobalSection(SolutionProperties) = preSolution
		HideSolutionNode = FALSE
	EndGlobalSection
	GlobalSection(NestedProjects) = preSolution
		{58BA1A5E-F865-4248-9B15-7DB221375158} = {E96BE73D-2341-4CDA-8073-BD279332822F}
		{CE5B1DBA-A39B-43E4-8B61-5B70E23E9760} = {E96BE73D-2341-4CDA-8073-BD279332822F}
		{542BF811-1E28-4149-92A3-5207294CC9B0} = {E96BE73D-2341-4CDA-8073-BD279332822F}
		{267C7349-7E4C-4D0E-8312-E66813D2B6ED} = {D8D4F07B-AA72-411E-9B97-B529C00E73AF}
		{ACF67948-D243-4EC7-A313-4A76EB4F4C15} = {D8D4F07B-AA72-411E-9B97-B529C00E73AF}
		{2DF40AFE-6CAA-4365-ADD2-456DB5096970} = {D8D4F07B-AA72-411E-9B97-B529C00E73AF}
		{08E2FEF6-48E0-4A61-A685-238AF31189C3} = {D8D4F07B-AA72-411E-9B97-B529C00E73AF}
		{475B65BB-65C4-4B52-80B8-D49257DA14B8} = {D8D4F07B-AA72-411E-9B97-B529C00E73AF}
		{3A58B2C8-B357-41BE-B95C-9C560D34B7C9} = {D8D4F07B-AA72-411E-9B97-B529C00E73AF}
		{F97538FF-BC50-42E7-9712-3D9ED03B5182} = {A9895343-1F34-459E-801A-21732246E4FD}
		{146B7F55-2081-415E-937D-CEBFE3B9C1E2} = {A9895343-1F34-459E-801A-21732246E4FD}
		{1B686CCC-A91C-42FD-8956-FBB8C0A0A7E2} = {A9895343-1F34-459E-801A-21732246E4FD}
		{8EA67B85-328E-4D9E-A53A-71D40648CFC0} = {A9895343-1F34-459E-801A-21732246E4FD}
		{078CF9B0-F61E-4216-A5E9-84812684130F} = {A9895343-1F34-459E-801A-21732246E4FD}
		{538C53CF-09F9-4FCE-8238-AF209E0A6BD4} = {A9895343-1F34-459E-801A-21732246E4FD}
		{A359A7F5-8853-46AE-AE5E-90D8EB5EEF6C} = {A9895343-1F34-459E-801A-21732246E4FD}
		{A1F50D9B-4DAD-45D7-91BD-EF76F7F1D2F4} = {A9895343-1F34-459E-801A-21732246E4FD}
		{66004DE2-D667-4541-B693-68E23B9B5750} = {A9895343-1F34-459E-801A-21732246E4FD}
		{C32CC8BA-1BED-407E-BD82-D8CA1B8BBB77} = {A9895343-1F34-459E-801A-21732246E4FD}
		{5BA11FEB-3BCC-4A74-AADB-61FDA0FFEEF5} = {C0E8B12D-BA99-433A-9790-9414FDFA23AE}
		{5342E3E5-07B4-4B8E-824B-023E9EA2FD91} = {C0E8B12D-BA99-433A-9790-9414FDFA23AE}
		{8E61E121-AEE1-4719-BC8E-93437A549ADB} = {501DF51A-7272-4A02-B8D8-7786379D4FE1}
		{9D0BF27F-C9F9-4D2B-854E-898E904F17FE} = {501DF51A-7272-4A02-B8D8-7786379D4FE1}
		{1BE53D23-4E85-48B4-8AAC-1AC2B1320898} = {501DF51A-7272-4A02-B8D8-7786379D4FE1}
		{3725CE7A-516C-4F2F-907B-8FA46C0185ED} = {501DF51A-7272-4A02-B8D8-7786379D4FE1}
		{05302097-03CF-4705-9B30-0C3402D9A0EA} = {501DF51A-7272-4A02-B8D8-7786379D4FE1}
		{64678FBE-BCC8-4096-9DB7-296B25FB96D3} = {501DF51A-7272-4A02-B8D8-7786379D4FE1}
		{5C6ADA61-AA8A-4E03-AF11-2CE046B58056} = {269C1336-D470-497A-AA80-6C842E9F4B27}
	EndGlobalSection
EndGlobal
