
Microsoft Visual Studio Solution File, Format Version 12.00
# Visual Studio 2012
Project("{2150E333-8FDC-42A3-9474-1A3956D46DE8}") = "Chapter02", "Chapter02", "{E96BE73D-2341-4CDA-8073-BD279332822F}"
EndProject
Project("{2150E333-8FDC-42A3-9474-1A3956D46DE8}") = "Chapter03", "Chapter03", "{D8D4F07B-AA72-411E-9B97-B529C00E73AF}"
EndProject
Project("{8BC9CEB8-8B4A-11D0-8D11-00A0C91BC942}") = "ch2-01-Window", "src\Chapter02\ch2-01-Window\ch2-01-Window.vcxproj", "{58BA1A5E-F865-4248-9B15-7DB221375158}"
EndProject
Global
	GlobalSection(SolutionConfigurationPlatforms) = preSolution
		Debug|Win32 = Debug|Win32
		Release|Win32 = Release|Win32
	EndGlobalSection
	GlobalSection(ProjectConfigurationPlatforms) = postSolution
		{58BA1A5E-F865-4248-9B15-7DB221375158}.Debug|Win32.ActiveCfg = Debug|Win32
		{58BA1A5E-F865-4248-9B15-7DB221375158}.Debug|Win32.Build.0 = Debug|Win32
		{58BA1A5E-F865-4248-9B15-7DB221375158}.Release|Win32.ActiveCfg = Release|Win32
		{58BA1A5E-F865-4248-9B15-7DB221375158}.Release|Win32.Build.0 = Release|Win32
	EndGlobalSection
	GlobalSection(SolutionProperties) = preSolution
		HideSolutionNode = FALSE
	EndGlobalSection
	GlobalSection(NestedProjects) = preSolution
		{58BA1A5E-F865-4248-9B15-7DB221375158} = {E96BE73D-2341-4CDA-8073-BD279332822F}
	EndGlobalSection
EndGlobal
